
Microsoft Visual Studio Solution File, Format Version 12.00
# Visual Studio Version 17
VisualStudioVersion = 17.5.2.0
MinimumVisualStudioVersion = 10.0.40219.1
Project("{2150E333-8FDC-42A3-9474-1A3956D46DE8}") = "src", "src", "{827E0CD3-B72D-47B6-A68D-7590B98EB39B}"
EndProject
Project("{2150E333-8FDC-42A3-9474-1A3956D46DE8}") = "day-1", "day-1", "{A1B2C3D4-1111-2222-3333-444455556666}"
EndProject
Project("{2150E333-8FDC-42A3-9474-1A3956D46DE8}") = "demo", "demo", "{FB64595D-7A02-F2D4-9C1E-6F343453585F}"
EndProject
Project("{FAE04EC0-301F-11D3-BF4B-00C04F79EFBC}") = "TaskFlow.Api", "src\day-1\demo\backend\TaskFlow.Api.csproj", "{1E191074-C110-0452-D134-9D40E4BE0A8D}"
EndProject
Project("{2150E333-8FDC-42A3-9474-1A3956D46DE8}") = "day-2", "day-2", "{A1B2C3D4-5555-6666-7777-888899990000}"
EndProject
Project("{2150E333-8FDC-42A3-9474-1A3956D46DE8}") = "demo-day2", "demo-day2", "{A1B2C3D4-AAAA-BBBB-CCCC-DDDDEEEE0001}"
EndProject
Project("{FAE04EC0-301F-11D3-BF4B-00C04F79EFBC}") = "TaskFlow.Api", "src\day-2\demo\backend\TaskFlow.Api.csproj", "{A1B2C3D4-AAAA-BBBB-CCCC-DDDDEEEE0002}"
EndProject
Project("{2150E333-8FDC-42A3-9474-1A3956D46DE8}") = "workshop", "workshop", "{802E14E8-9D8A-19A0-EC87-2A9E64EE8E22}"
EndProject
Project("{FAE04EC0-301F-11D3-BF4B-00C04F79EFBC}") = "Workshop01.HelloWorld", "src\day-2\workshop\Workshop01.HelloWorld\Workshop01.HelloWorld.csproj", "{7D4A7289-7928-4681-937A-422580353122}"
EndProject
Project("{FAE04EC0-301F-11D3-BF4B-00C04F79EFBC}") = "Workshop02.VariablesAndTypes", "src\day-2\workshop\Workshop02.VariablesAndTypes\Workshop02.VariablesAndTypes.csproj", "{2C4D7B1E-B2DA-4534-BF44-D2AC8D362236}"
EndProject
Project("{FAE04EC0-301F-11D3-BF4B-00C04F79EFBC}") = "Workshop03.ControlFlow", "src\day-2\workshop\Workshop03.ControlFlow\Workshop03.ControlFlow.csproj", "{F3B4CA4F-8101-4807-AE7E-44EEF7449C70}"
EndProject
Project("{FAE04EC0-301F-11D3-BF4B-00C04F79EFBC}") = "Workshop04.MethodsAndCleanCode", "src\day-2\workshop\Workshop04.MethodsAndCleanCode\Workshop04.MethodsAndCleanCode.csproj", "{86044A67-97F3-4A46-9481-C2AA4A83A3F5}"
EndProject
Project("{FAE04EC0-301F-11D3-BF4B-00C04F79EFBC}") = "Workshop05.ClassesAndObjects", "src\day-2\workshop\Workshop05.ClassesAndObjects\Workshop05.ClassesAndObjects.csproj", "{88833E78-3192-4CB0-86C0-A4BC5E5EB70A}"
EndProject
Project("{FAE04EC0-301F-11D3-BF4B-00C04F79EFBC}") = "Workshop07.CollectionsAndLinq", "src\day-2\workshop\Workshop07.CollectionsAndLinq\Workshop07.CollectionsAndLinq.csproj", "{764A3E65-7DEC-4071-BBF5-EA1DB5960E56}"
EndProject
Project("{FAE04EC0-301F-11D3-BF4B-00C04F79EFBC}") = "Workshop08.AsyncAwait", "src\day-2\workshop\Workshop08.AsyncAwait\Workshop08.AsyncAwait.csproj", "{FE0B3E26-C7A7-4EC2-842E-B0D3CDF4F944}"
EndProject
Project("{FAE04EC0-301F-11D3-BF4B-00C04F79EFBC}") = "Workshop09.UnitTesting", "src\day-2\workshop\Workshop09.UnitTesting\Workshop09.UnitTesting.csproj", "{6A398A39-CE82-4A1A-8AE6-DA2D064FCCD7}"
EndProject
Project("{FAE04EC0-301F-11D3-BF4B-00C04F79EFBC}") = "Workshop10.TaskTrackerConsole", "src\day-2\workshop\Workshop10.TaskTrackerConsole\Workshop10.TaskTrackerConsole.csproj", "{1E2D56E2-06B1-4B40-ADED-783AB8EE0BFF}"
EndProject
Project("{FAE04EC0-301F-11D3-BF4B-00C04F79EFBC}") = "Workshop06.OopPrinciples", "src\day-2\workshop\Workshop06.OopPrinciples\Workshop06.OopPrinciples.csproj", "{E77AF058-DA7D-4BD6-853E-33AB26D9CEA1}"
EndProject
Global
	GlobalSection(SolutionConfigurationPlatforms) = preSolution
		Debug|Any CPU = Debug|Any CPU
		Debug|x64 = Debug|x64
		Debug|x86 = Debug|x86
		Release|Any CPU = Release|Any CPU
		Release|x64 = Release|x64
		Release|x86 = Release|x86
	EndGlobalSection
	GlobalSection(ProjectConfigurationPlatforms) = postSolution
		{1E191074-C110-0452-D134-9D40E4BE0A8D}.Debug|Any CPU.ActiveCfg = Debug|Any CPU
		{1E191074-C110-0452-D134-9D40E4BE0A8D}.Debug|Any CPU.Build.0 = Debug|Any CPU
		{1E191074-C110-0452-D134-9D40E4BE0A8D}.Debug|x64.ActiveCfg = Debug|Any CPU
		{1E191074-C110-0452-D134-9D40E4BE0A8D}.Debug|x64.Build.0 = Debug|Any CPU
		{1E191074-C110-0452-D134-9D40E4BE0A8D}.Debug|x86.ActiveCfg = Debug|Any CPU
		{1E191074-C110-0452-D134-9D40E4BE0A8D}.Debug|x86.Build.0 = Debug|Any CPU
		{1E191074-C110-0452-D134-9D40E4BE0A8D}.Release|Any CPU.ActiveCfg = Release|Any CPU
		{1E191074-C110-0452-D134-9D40E4BE0A8D}.Release|Any CPU.Build.0 = Release|Any CPU
		{1E191074-C110-0452-D134-9D40E4BE0A8D}.Release|x64.ActiveCfg = Release|Any CPU
		{1E191074-C110-0452-D134-9D40E4BE0A8D}.Release|x64.Build.0 = Release|Any CPU
		{1E191074-C110-0452-D134-9D40E4BE0A8D}.Release|x86.ActiveCfg = Release|Any CPU
		{1E191074-C110-0452-D134-9D40E4BE0A8D}.Release|x86.Build.0 = Release|Any CPU
		{A1B2C3D4-AAAA-BBBB-CCCC-DDDDEEEE0002}.Debug|Any CPU.ActiveCfg = Debug|Any CPU
		{A1B2C3D4-AAAA-BBBB-CCCC-DDDDEEEE0002}.Debug|Any CPU.Build.0 = Debug|Any CPU
		{A1B2C3D4-AAAA-BBBB-CCCC-DDDDEEEE0002}.Debug|x64.ActiveCfg = Debug|Any CPU
		{A1B2C3D4-AAAA-BBBB-CCCC-DDDDEEEE0002}.Debug|x64.Build.0 = Debug|Any CPU
		{A1B2C3D4-AAAA-BBBB-CCCC-DDDDEEEE0002}.Debug|x86.ActiveCfg = Debug|Any CPU
		{A1B2C3D4-AAAA-BBBB-CCCC-DDDDEEEE0002}.Debug|x86.Build.0 = Debug|Any CPU
		{A1B2C3D4-AAAA-BBBB-CCCC-DDDDEEEE0002}.Release|Any CPU.ActiveCfg = Release|Any CPU
		{A1B2C3D4-AAAA-BBBB-CCCC-DDDDEEEE0002}.Release|Any CPU.Build.0 = Release|Any CPU
		{A1B2C3D4-AAAA-BBBB-CCCC-DDDDEEEE0002}.Release|x64.ActiveCfg = Release|Any CPU
		{A1B2C3D4-AAAA-BBBB-CCCC-DDDDEEEE0002}.Release|x64.Build.0 = Release|Any CPU
		{A1B2C3D4-AAAA-BBBB-CCCC-DDDDEEEE0002}.Release|x86.ActiveCfg = Release|Any CPU
		{A1B2C3D4-AAAA-BBBB-CCCC-DDDDEEEE0002}.Release|x86.Build.0 = Release|Any CPU
		{7D4A7289-7928-4681-937A-422580353122}.Debug|Any CPU.ActiveCfg = Debug|Any CPU
		{7D4A7289-7928-4681-937A-422580353122}.Debug|Any CPU.Build.0 = Debug|Any CPU
		{7D4A7289-7928-4681-937A-422580353122}.Debug|x64.ActiveCfg = Debug|Any CPU
		{7D4A7289-7928-4681-937A-422580353122}.Debug|x64.Build.0 = Debug|Any CPU
		{7D4A7289-7928-4681-937A-422580353122}.Debug|x86.ActiveCfg = Debug|Any CPU
		{7D4A7289-7928-4681-937A-422580353122}.Debug|x86.Build.0 = Debug|Any CPU
		{7D4A7289-7928-4681-937A-422580353122}.Release|Any CPU.ActiveCfg = Release|Any CPU
		{7D4A7289-7928-4681-937A-422580353122}.Release|Any CPU.Build.0 = Release|Any CPU
		{7D4A7289-7928-4681-937A-422580353122}.Release|x64.ActiveCfg = Release|Any CPU
		{7D4A7289-7928-4681-937A-422580353122}.Release|x64.Build.0 = Release|Any CPU
		{7D4A7289-7928-4681-937A-422580353122}.Release|x86.ActiveCfg = Release|Any CPU
		{7D4A7289-7928-4681-937A-422580353122}.Release|x86.Build.0 = Release|Any CPU
		{2C4D7B1E-B2DA-4534-BF44-D2AC8D362236}.Debug|Any CPU.ActiveCfg = Debug|Any CPU
		{2C4D7B1E-B2DA-4534-BF44-D2AC8D362236}.Debug|Any CPU.Build.0 = Debug|Any CPU
		{2C4D7B1E-B2DA-4534-BF44-D2AC8D362236}.Debug|x64.ActiveCfg = Debug|Any CPU
		{2C4D7B1E-B2DA-4534-BF44-D2AC8D362236}.Debug|x64.Build.0 = Debug|Any CPU
		{2C4D7B1E-B2DA-4534-BF44-D2AC8D362236}.Debug|x86.ActiveCfg = Debug|Any CPU
		{2C4D7B1E-B2DA-4534-BF44-D2AC8D362236}.Debug|x86.Build.0 = Debug|Any CPU
		{2C4D7B1E-B2DA-4534-BF44-D2AC8D362236}.Release|Any CPU.ActiveCfg = Release|Any CPU
		{2C4D7B1E-B2DA-4534-BF44-D2AC8D362236}.Release|Any CPU.Build.0 = Release|Any CPU
		{2C4D7B1E-B2DA-4534-BF44-D2AC8D362236}.Release|x64.ActiveCfg = Release|Any CPU
		{2C4D7B1E-B2DA-4534-BF44-D2AC8D362236}.Release|x64.Build.0 = Release|Any CPU
		{2C4D7B1E-B2DA-4534-BF44-D2AC8D362236}.Release|x86.ActiveCfg = Release|Any CPU
		{2C4D7B1E-B2DA-4534-BF44-D2AC8D362236}.Release|x86.Build.0 = Release|Any CPU
		{F3B4CA4F-8101-4807-AE7E-44EEF7449C70}.Debug|Any CPU.ActiveCfg = Debug|Any CPU
		{F3B4CA4F-8101-4807-AE7E-44EEF7449C70}.Debug|Any CPU.Build.0 = Debug|Any CPU
		{F3B4CA4F-8101-4807-AE7E-44EEF7449C70}.Debug|x64.ActiveCfg = Debug|Any CPU
		{F3B4CA4F-8101-4807-AE7E-44EEF7449C70}.Debug|x64.Build.0 = Debug|Any CPU
		{F3B4CA4F-8101-4807-AE7E-44EEF7449C70}.Debug|x86.ActiveCfg = Debug|Any CPU
		{F3B4CA4F-8101-4807-AE7E-44EEF7449C70}.Debug|x86.Build.0 = Debug|Any CPU
		{F3B4CA4F-8101-4807-AE7E-44EEF7449C70}.Release|Any CPU.ActiveCfg = Release|Any CPU
		{F3B4CA4F-8101-4807-AE7E-44EEF7449C70}.Release|Any CPU.Build.0 = Release|Any CPU
		{F3B4CA4F-8101-4807-AE7E-44EEF7449C70}.Release|x64.ActiveCfg = Release|Any CPU
		{F3B4CA4F-8101-4807-AE7E-44EEF7449C70}.Release|x64.Build.0 = Release|Any CPU
		{F3B4CA4F-8101-4807-AE7E-44EEF7449C70}.Release|x86.ActiveCfg = Release|Any CPU
		{F3B4CA4F-8101-4807-AE7E-44EEF7449C70}.Release|x86.Build.0 = Release|Any CPU
		{86044A67-97F3-4A46-9481-C2AA4A83A3F5}.Debug|Any CPU.ActiveCfg = Debug|Any CPU
		{86044A67-97F3-4A46-9481-C2AA4A83A3F5}.Debug|Any CPU.Build.0 = Debug|Any CPU
		{86044A67-97F3-4A46-9481-C2AA4A83A3F5}.Debug|x64.ActiveCfg = Debug|Any CPU
		{86044A67-97F3-4A46-9481-C2AA4A83A3F5}.Debug|x64.Build.0 = Debug|Any CPU
		{86044A67-97F3-4A46-9481-C2AA4A83A3F5}.Debug|x86.ActiveCfg = Debug|Any CPU
		{86044A67-97F3-4A46-9481-C2AA4A83A3F5}.Debug|x86.Build.0 = Debug|Any CPU
		{86044A67-97F3-4A46-9481-C2AA4A83A3F5}.Release|Any CPU.ActiveCfg = Release|Any CPU
		{86044A67-97F3-4A46-9481-C2AA4A83A3F5}.Release|Any CPU.Build.0 = Release|Any CPU
		{86044A67-97F3-4A46-9481-C2AA4A83A3F5}.Release|x64.ActiveCfg = Release|Any CPU
		{86044A67-97F3-4A46-9481-C2AA4A83A3F5}.Release|x64.Build.0 = Release|Any CPU
		{86044A67-97F3-4A46-9481-C2AA4A83A3F5}.Release|x86.ActiveCfg = Release|Any CPU
		{86044A67-97F3-4A46-9481-C2AA4A83A3F5}.Release|x86.Build.0 = Release|Any CPU
		{88833E78-3192-4CB0-86C0-A4BC5E5EB70A}.Debug|Any CPU.ActiveCfg = Debug|Any CPU
		{88833E78-3192-4CB0-86C0-A4BC5E5EB70A}.Debug|Any CPU.Build.0 = Debug|Any CPU
		{88833E78-3192-4CB0-86C0-A4BC5E5EB70A}.Debug|x64.ActiveCfg = Debug|Any CPU
		{88833E78-3192-4CB0-86C0-A4BC5E5EB70A}.Debug|x64.Build.0 = Debug|Any CPU
		{88833E78-3192-4CB0-86C0-A4BC5E5EB70A}.Debug|x86.ActiveCfg = Debug|Any CPU
		{88833E78-3192-4CB0-86C0-A4BC5E5EB70A}.Debug|x86.Build.0 = Debug|Any CPU
		{88833E78-3192-4CB0-86C0-A4BC5E5EB70A}.Release|Any CPU.ActiveCfg = Release|Any CPU
		{88833E78-3192-4CB0-86C0-A4BC5E5EB70A}.Release|Any CPU.Build.0 = Release|Any CPU
		{88833E78-3192-4CB0-86C0-A4BC5E5EB70A}.Release|x64.ActiveCfg = Release|Any CPU
		{88833E78-3192-4CB0-86C0-A4BC5E5EB70A}.Release|x64.Build.0 = Release|Any CPU
		{88833E78-3192-4CB0-86C0-A4BC5E5EB70A}.Release|x86.ActiveCfg = Release|Any CPU
		{88833E78-3192-4CB0-86C0-A4BC5E5EB70A}.Release|x86.Build.0 = Release|Any CPU
		{764A3E65-7DEC-4071-BBF5-EA1DB5960E56}.Debug|Any CPU.ActiveCfg = Debug|Any CPU
		{764A3E65-7DEC-4071-BBF5-EA1DB5960E56}.Debug|Any CPU.Build.0 = Debug|Any CPU
		{764A3E65-7DEC-4071-BBF5-EA1DB5960E56}.Debug|x64.ActiveCfg = Debug|Any CPU
		{764A3E65-7DEC-4071-BBF5-EA1DB5960E56}.Debug|x64.Build.0 = Debug|Any CPU
		{764A3E65-7DEC-4071-BBF5-EA1DB5960E56}.Debug|x86.ActiveCfg = Debug|Any CPU
		{764A3E65-7DEC-4071-BBF5-EA1DB5960E56}.Debug|x86.Build.0 = Debug|Any CPU
		{764A3E65-7DEC-4071-BBF5-EA1DB5960E56}.Release|Any CPU.ActiveCfg = Release|Any CPU
		{764A3E65-7DEC-4071-BBF5-EA1DB5960E56}.Release|Any CPU.Build.0 = Release|Any CPU
		{764A3E65-7DEC-4071-BBF5-EA1DB5960E56}.Release|x64.ActiveCfg = Release|Any CPU
		{764A3E65-7DEC-4071-BBF5-EA1DB5960E56}.Release|x64.Build.0 = Release|Any CPU
		{764A3E65-7DEC-4071-BBF5-EA1DB5960E56}.Release|x86.ActiveCfg = Release|Any CPU
		{764A3E65-7DEC-4071-BBF5-EA1DB5960E56}.Release|x86.Build.0 = Release|Any CPU
		{FE0B3E26-C7A7-4EC2-842E-B0D3CDF4F944}.Debug|Any CPU.ActiveCfg = Debug|Any CPU
		{FE0B3E26-C7A7-4EC2-842E-B0D3CDF4F944}.Debug|Any CPU.Build.0 = Debug|Any CPU
		{FE0B3E26-C7A7-4EC2-842E-B0D3CDF4F944}.Debug|x64.ActiveCfg = Debug|Any CPU
		{FE0B3E26-C7A7-4EC2-842E-B0D3CDF4F944}.Debug|x64.Build.0 = Debug|Any CPU
		{FE0B3E26-C7A7-4EC2-842E-B0D3CDF4F944}.Debug|x86.ActiveCfg = Debug|Any CPU
		{FE0B3E26-C7A7-4EC2-842E-B0D3CDF4F944}.Debug|x86.Build.0 = Debug|Any CPU
		{FE0B3E26-C7A7-4EC2-842E-B0D3CDF4F944}.Release|Any CPU.ActiveCfg = Release|Any CPU
		{FE0B3E26-C7A7-4EC2-842E-B0D3CDF4F944}.Release|Any CPU.Build.0 = Release|Any CPU
		{FE0B3E26-C7A7-4EC2-842E-B0D3CDF4F944}.Release|x64.ActiveCfg = Release|Any CPU
		{FE0B3E26-C7A7-4EC2-842E-B0D3CDF4F944}.Release|x64.Build.0 = Release|Any CPU
		{FE0B3E26-C7A7-4EC2-842E-B0D3CDF4F944}.Release|x86.ActiveCfg = Release|Any CPU
		{FE0B3E26-C7A7-4EC2-842E-B0D3CDF4F944}.Release|x86.Build.0 = Release|Any CPU
		{6A398A39-CE82-4A1A-8AE6-DA2D064FCCD7}.Debug|Any CPU.ActiveCfg = Debug|Any CPU
		{6A398A39-CE82-4A1A-8AE6-DA2D064FCCD7}.Debug|Any CPU.Build.0 = Debug|Any CPU
		{6A398A39-CE82-4A1A-8AE6-DA2D064FCCD7}.Debug|x64.ActiveCfg = Debug|Any CPU
		{6A398A39-CE82-4A1A-8AE6-DA2D064FCCD7}.Debug|x64.Build.0 = Debug|Any CPU
		{6A398A39-CE82-4A1A-8AE6-DA2D064FCCD7}.Debug|x86.ActiveCfg = Debug|Any CPU
		{6A398A39-CE82-4A1A-8AE6-DA2D064FCCD7}.Debug|x86.Build.0 = Debug|Any CPU
		{6A398A39-CE82-4A1A-8AE6-DA2D064FCCD7}.Release|Any CPU.ActiveCfg = Release|Any CPU
		{6A398A39-CE82-4A1A-8AE6-DA2D064FCCD7}.Release|Any CPU.Build.0 = Release|Any CPU
		{6A398A39-CE82-4A1A-8AE6-DA2D064FCCD7}.Release|x64.ActiveCfg = Release|Any CPU
		{6A398A39-CE82-4A1A-8AE6-DA2D064FCCD7}.Release|x64.Build.0 = Release|Any CPU
		{6A398A39-CE82-4A1A-8AE6-DA2D064FCCD7}.Release|x86.ActiveCfg = Release|Any CPU
		{6A398A39-CE82-4A1A-8AE6-DA2D064FCCD7}.Release|x86.Build.0 = Release|Any CPU
		{1E2D56E2-06B1-4B40-ADED-783AB8EE0BFF}.Debug|Any CPU.ActiveCfg = Debug|Any CPU
		{1E2D56E2-06B1-4B40-ADED-783AB8EE0BFF}.Debug|Any CPU.Build.0 = Debug|Any CPU
		{1E2D56E2-06B1-4B40-ADED-783AB8EE0BFF}.Debug|x64.ActiveCfg = Debug|Any CPU
		{1E2D56E2-06B1-4B40-ADED-783AB8EE0BFF}.Debug|x64.Build.0 = Debug|Any CPU
		{1E2D56E2-06B1-4B40-ADED-783AB8EE0BFF}.Debug|x86.ActiveCfg = Debug|Any CPU
		{1E2D56E2-06B1-4B40-ADED-783AB8EE0BFF}.Debug|x86.Build.0 = Debug|Any CPU
		{1E2D56E2-06B1-4B40-ADED-783AB8EE0BFF}.Release|Any CPU.ActiveCfg = Release|Any CPU
		{1E2D56E2-06B1-4B40-ADED-783AB8EE0BFF}.Release|Any CPU.Build.0 = Release|Any CPU
		{1E2D56E2-06B1-4B40-ADED-783AB8EE0BFF}.Release|x64.ActiveCfg = Release|Any CPU
		{1E2D56E2-06B1-4B40-ADED-783AB8EE0BFF}.Release|x64.Build.0 = Release|Any CPU
		{1E2D56E2-06B1-4B40-ADED-783AB8EE0BFF}.Release|x86.ActiveCfg = Release|Any CPU
		{1E2D56E2-06B1-4B40-ADED-783AB8EE0BFF}.Release|x86.Build.0 = Release|Any CPU
		{E77AF058-DA7D-4BD6-853E-33AB26D9CEA1}.Debug|Any CPU.ActiveCfg = Debug|Any CPU
		{E77AF058-DA7D-4BD6-853E-33AB26D9CEA1}.Debug|Any CPU.Build.0 = Debug|Any CPU
		{E77AF058-DA7D-4BD6-853E-33AB26D9CEA1}.Debug|x64.ActiveCfg = Debug|Any CPU
		{E77AF058-DA7D-4BD6-853E-33AB26D9CEA1}.Debug|x64.Build.0 = Debug|Any CPU
		{E77AF058-DA7D-4BD6-853E-33AB26D9CEA1}.Debug|x86.ActiveCfg = Debug|Any CPU
		{E77AF058-DA7D-4BD6-853E-33AB26D9CEA1}.Debug|x86.Build.0 = Debug|Any CPU
		{E77AF058-DA7D-4BD6-853E-33AB26D9CEA1}.Release|Any CPU.ActiveCfg = Release|Any CPU
		{E77AF058-DA7D-4BD6-853E-33AB26D9CEA1}.Release|Any CPU.Build.0 = Release|Any CPU
		{E77AF058-DA7D-4BD6-853E-33AB26D9CEA1}.Release|x64.ActiveCfg = Release|Any CPU
		{E77AF058-DA7D-4BD6-853E-33AB26D9CEA1}.Release|x64.Build.0 = Release|Any CPU
		{E77AF058-DA7D-4BD6-853E-33AB26D9CEA1}.Release|x86.ActiveCfg = Release|Any CPU
		{E77AF058-DA7D-4BD6-853E-33AB26D9CEA1}.Release|x86.Build.0 = Release|Any CPU
	EndGlobalSection
	GlobalSection(SolutionProperties) = preSolution
		HideSolutionNode = FALSE
	EndGlobalSection
	GlobalSection(NestedProjects) = preSolution
		{A1B2C3D4-1111-2222-3333-444455556666} = {827E0CD3-B72D-47B6-A68D-7590B98EB39B}
		{FB64595D-7A02-F2D4-9C1E-6F343453585F} = {A1B2C3D4-1111-2222-3333-444455556666}
		{1E191074-C110-0452-D134-9D40E4BE0A8D} = {FB64595D-7A02-F2D4-9C1E-6F343453585F}
		{A1B2C3D4-5555-6666-7777-888899990000} = {827E0CD3-B72D-47B6-A68D-7590B98EB39B}
		{A1B2C3D4-AAAA-BBBB-CCCC-DDDDEEEE0001} = {A1B2C3D4-5555-6666-7777-888899990000}
		{A1B2C3D4-AAAA-BBBB-CCCC-DDDDEEEE0002} = {A1B2C3D4-AAAA-BBBB-CCCC-DDDDEEEE0001}
		{802E14E8-9D8A-19A0-EC87-2A9E64EE8E22} = {A1B2C3D4-5555-6666-7777-888899990000}
		{7D4A7289-7928-4681-937A-422580353122} = {802E14E8-9D8A-19A0-EC87-2A9E64EE8E22}
		{2C4D7B1E-B2DA-4534-BF44-D2AC8D362236} = {802E14E8-9D8A-19A0-EC87-2A9E64EE8E22}
		{F3B4CA4F-8101-4807-AE7E-44EEF7449C70} = {802E14E8-9D8A-19A0-EC87-2A9E64EE8E22}
		{86044A67-97F3-4A46-9481-C2AA4A83A3F5} = {802E14E8-9D8A-19A0-EC87-2A9E64EE8E22}
		{88833E78-3192-4CB0-86C0-A4BC5E5EB70A} = {802E14E8-9D8A-19A0-EC87-2A9E64EE8E22}
		{764A3E65-7DEC-4071-BBF5-EA1DB5960E56} = {802E14E8-9D8A-19A0-EC87-2A9E64EE8E22}
		{FE0B3E26-C7A7-4EC2-842E-B0D3CDF4F944} = {802E14E8-9D8A-19A0-EC87-2A9E64EE8E22}
		{6A398A39-CE82-4A1A-8AE6-DA2D064FCCD7} = {802E14E8-9D8A-19A0-EC87-2A9E64EE8E22}
		{1E2D56E2-06B1-4B40-ADED-783AB8EE0BFF} = {802E14E8-9D8A-19A0-EC87-2A9E64EE8E22}
		{E77AF058-DA7D-4BD6-853E-33AB26D9CEA1} = {802E14E8-9D8A-19A0-EC87-2A9E64EE8E22}
	EndGlobalSection
	GlobalSection(ExtensibilityGlobals) = postSolution
		SolutionGuid = {98D0E8F3-8464-465D-9FC1-FDDE068193CA}
	EndGlobalSection
EndGlobal
