Microsoft Visual Studio Solution File, Format Version 12.00
# Visual Studio Version 17
VisualStudioVersion = 17.5.2.0
MinimumVisualStudioVersion = 10.0.40219.1
Project("{2150E333-8FDC-42A3-9474-1A3956D46DE8}") = "src", "src", "{827E0CD3-B72D-47B6-A68D-7590B98EB39B}"
EndProject
Project("{2150E333-8FDC-42A3-9474-1A3956D46DE8}") = "day-1", "day-1", "{A1B2C3D4-1111-2222-3333-444455556666}"
EndProject
Project("{2150E333-8FDC-42A3-9474-1A3956D46DE8}") = "demo", "demo", "{FB64595D-7A02-F2D4-9C1E-6F343453585F}"
EndProject
Project("{FAE04EC0-301F-11D3-BF4B-00C04F79EFBC}") = "TaskFlow.Api", "src\day-1\demo\backend\TaskFlow.Api.csproj", "{1E191074-C110-0452-D134-9D40E4BE0A8D}"
EndProject
Project("{2150E333-8FDC-42A3-9474-1A3956D46DE8}") = "day-2", "day-2", "{A1B2C3D4-5555-6666-7777-888899990000}"
EndProject
Project("{2150E333-8FDC-42A3-9474-1A3956D46DE8}") = "demo-day2", "demo-day2", "{A1B2C3D4-AAAA-BBBB-CCCC-DDDDEEEE0001}"
EndProject
Project("{FAE04EC0-301F-11D3-BF4B-00C04F79EFBC}") = "TaskFlow.Api.Day2", "src\day-2\demo\backend\TaskFlow.Api.csproj", "{A1B2C3D4-AAAA-BBBB-CCCC-DDDDEEEE0002}"
EndProject
Global
	GlobalSection(SolutionConfigurationPlatforms) = preSolution
		Debug|Any CPU = Debug|Any CPU
		Release|Any CPU = Release|Any CPU
	EndGlobalSection
	GlobalSection(ProjectConfigurationPlatforms) = postSolution
		{1E191074-C110-0452-D134-9D40E4BE0A8D}.Debug|Any CPU.ActiveCfg = Debug|Any CPU
		{1E191074-C110-0452-D134-9D40E4BE0A8D}.Debug|Any CPU.Build.0 = Debug|Any CPU
		{1E191074-C110-0452-D134-9D40E4BE0A8D}.Release|Any CPU.ActiveCfg = Release|Any CPU
		{1E191074-C110-0452-D134-9D40E4BE0A8D}.Release|Any CPU.Build.0 = Release|Any CPU
		{A1B2C3D4-AAAA-BBBB-CCCC-DDDDEEEE0002}.Debug|Any CPU.ActiveCfg = Debug|Any CPU
		{A1B2C3D4-AAAA-BBBB-CCCC-DDDDEEEE0002}.Debug|Any CPU.Build.0 = Debug|Any CPU
		{A1B2C3D4-AAAA-BBBB-CCCC-DDDDEEEE0002}.Release|Any CPU.ActiveCfg = Release|Any CPU
		{A1B2C3D4-AAAA-BBBB-CCCC-DDDDEEEE0002}.Release|Any CPU.Build.0 = Release|Any CPU
	EndGlobalSection
	GlobalSection(SolutionProperties) = preSolution
		HideSolutionNode = FALSE
	EndGlobalSection
	GlobalSection(NestedProjects) = preSolution
		{A1B2C3D4-1111-2222-3333-444455556666} = {827E0CD3-B72D-47B6-A68D-7590B98EB39B}
		{FB64595D-7A02-F2D4-9C1E-6F343453585F} = {A1B2C3D4-1111-2222-3333-444455556666}
		{1E191074-C110-0452-D134-9D40E4BE0A8D} = {FB64595D-7A02-F2D4-9C1E-6F343453585F}
		{A1B2C3D4-5555-6666-7777-888899990000} = {827E0CD3-B72D-47B6-A68D-7590B98EB39B}
		{A1B2C3D4-AAAA-BBBB-CCCC-DDDDEEEE0001} = {A1B2C3D4-5555-6666-7777-888899990000}
		{A1B2C3D4-AAAA-BBBB-CCCC-DDDDEEEE0002} = {A1B2C3D4-AAAA-BBBB-CCCC-DDDDEEEE0001}
	EndGlobalSection
	GlobalSection(ExtensibilityGlobals) = postSolution
		SolutionGuid = {98D0E8F3-8464-465D-9FC1-FDDE068193CA}
	EndGlobalSection
EndGlobal
